
Microsoft Visual Studio Solution File, Format Version 12.00
# Visual Studio Version 16
VisualStudioVersion = 16.0.31410.223
MinimumVisualStudioVersion = 10.0.40219.1
Project("{2150E333-8FDC-42A3-9474-1A3956D46DE8}") = "OnlineStore", "OnlineStore", "{864534C2-190A-4452-93D6-C359C06D2033}"
EndProject
Project("{9A19103F-16F7-4668-BE54-9A1E7A4F7556}") = "Store.Web", "Store.Web\Store.Web.csproj", "{755B05DB-B156-4BB6-8449-E9E4BF1B253C}"
EndProject
Project("{9A19103F-16F7-4668-BE54-9A1E7A4F7556}") = "Store.Domain", "Store.Domain\Store.Domain.csproj", "{A3A5F8B1-C80A-4ECD-8063-E6400F369123}"
EndProject
Project("{9A19103F-16F7-4668-BE54-9A1E7A4F7556}") = "Store.Repository", "Store.Repository\Store.Repository.csproj", "{BBC8EE77-3F7C-4254-99DB-871594DC9672}"
EndProject
Project("{9A19103F-16F7-4668-BE54-9A1E7A4F7556}") = "Store.Services", "Store.Services\Store.Services.csproj", "{665533D8-C650-421B-BE24-C76798978ECB}"
EndProject
Global
	GlobalSection(SolutionConfigurationPlatforms) = preSolution
		Debug|Any CPU = Debug|Any CPU
		Release|Any CPU = Release|Any CPU
	EndGlobalSection
	GlobalSection(ProjectConfigurationPlatforms) = postSolution
		{755B05DB-B156-4BB6-8449-E9E4BF1B253C}.Debug|Any CPU.ActiveCfg = Debug|Any CPU
		{755B05DB-B156-4BB6-8449-E9E4BF1B253C}.Debug|Any CPU.Build.0 = Debug|Any CPU
		{755B05DB-B156-4BB6-8449-E9E4BF1B253C}.Release|Any CPU.ActiveCfg = Release|Any CPU
		{755B05DB-B156-4BB6-8449-E9E4BF1B253C}.Release|Any CPU.Build.0 = Release|Any CPU
		{A3A5F8B1-C80A-4ECD-8063-E6400F369123}.Debug|Any CPU.ActiveCfg = Debug|Any CPU
		{A3A5F8B1-C80A-4ECD-8063-E6400F369123}.Debug|Any CPU.Build.0 = Debug|Any CPU
		{A3A5F8B1-C80A-4ECD-8063-E6400F369123}.Release|Any CPU.ActiveCfg = Release|Any CPU
		{A3A5F8B1-C80A-4ECD-8063-E6400F369123}.Release|Any CPU.Build.0 = Release|Any CPU
		{BBC8EE77-3F7C-4254-99DB-871594DC9672}.Debug|Any CPU.ActiveCfg = Debug|Any CPU
		{BBC8EE77-3F7C-4254-99DB-871594DC9672}.Debug|Any CPU.Build.0 = Debug|Any CPU
		{BBC8EE77-3F7C-4254-99DB-871594DC9672}.Release|Any CPU.ActiveCfg = Release|Any CPU
		{BBC8EE77-3F7C-4254-99DB-871594DC9672}.Release|Any CPU.Build.0 = Release|Any CPU
		{665533D8-C650-421B-BE24-C76798978ECB}.Debug|Any CPU.ActiveCfg = Debug|Any CPU
		{665533D8-C650-421B-BE24-C76798978ECB}.Debug|Any CPU.Build.0 = Debug|Any CPU
		{665533D8-C650-421B-BE24-C76798978ECB}.Release|Any CPU.ActiveCfg = Release|Any CPU
		{665533D8-C650-421B-BE24-C76798978ECB}.Release|Any CPU.Build.0 = Release|Any CPU
	EndGlobalSection
	GlobalSection(SolutionProperties) = preSolution
		HideSolutionNode = FALSE
	EndGlobalSection
	GlobalSection(NestedProjects) = preSolution
		{755B05DB-B156-4BB6-8449-E9E4BF1B253C} = {864534C2-190A-4452-93D6-C359C06D2033}
		{A3A5F8B1-C80A-4ECD-8063-E6400F369123} = {864534C2-190A-4452-93D6-C359C06D2033}
		{BBC8EE77-3F7C-4254-99DB-871594DC9672} = {864534C2-190A-4452-93D6-C359C06D2033}
		{665533D8-C650-421B-BE24-C76798978ECB} = {864534C2-190A-4452-93D6-C359C06D2033}
	EndGlobalSection
	GlobalSection(ExtensibilityGlobals) = postSolution
		SolutionGuid = {C7B1DA16-8B8D-4F17-B4DA-4A6B94AFE604}
	EndGlobalSection
EndGlobal
